
Microsoft Visual Studio Solution File, Format Version 12.00
# Visual Studio Version 17
VisualStudioVersion = 17.5.2.0
MinimumVisualStudioVersion = 10.0.40219.1
Project("{2150E333-8FDC-42A3-9474-1A3956D46DE8}") = "src", "src", "{827E0CD3-B72D-47B6-A68D-7590B98EB39B}"
EndProject
Project("{2150E333-8FDC-42A3-9474-1A3956D46DE8}") = "Apps", "Apps", "{AD2A5A3B-A595-3E96-334A-002D08FE630C}"
EndProject
Project("{FAE04EC0-301F-11D3-BF4B-00C04F79EFBC}") = "Doruk.WebApp", "src\Apps\Doruk.WebApp\Doruk.WebApp.csproj", "{D184942E-01BB-FFD1-12B3-B326AA2B056B}"
EndProject
Project("{2150E333-8FDC-42A3-9474-1A3956D46DE8}") = "Modules", "Modules", "{EC447DCF-ABFA-6E24-52A5-D7FD48A5C558}"
EndProject
Project("{FAE04EC0-301F-11D3-BF4B-00C04F79EFBC}") = "Doruk.ContentPermissions", "src\Modules\Doruk.ContentPermissions\Doruk.ContentPermissions.csproj", "{478AB178-12D9-4AA4-A178-3F329D837592}"
EndProject
Project("{FAE04EC0-301F-11D3-BF4B-00C04F79EFBC}") = "Doruk.SystemMonitor", "src\Modules\Doruk.SystemMonitor\Doruk.SystemMonitor.csproj", "{BEF07709-02F8-4F62-BC4E-466DEC145E28}"
EndProject
Project("{2150E333-8FDC-42A3-9474-1A3956D46DE8}") = "Abstractions", "Abstractions", "{A6E7295D-475B-8BD4-CC01-ECAE8C18C7D4}"
EndProject
Project("{FAE04EC0-301F-11D3-BF4B-00C04F79EFBC}") = "Doruk.Abstractions", "src\Abstractions\Doruk.Abstractions\Doruk.Abstractions.csproj", "{B7A00896-767E-44A4-AEDB-E996FC4DC15B}"
EndProject
Project("{2150E333-8FDC-42A3-9474-1A3956D46DE8}") = "Target", "Target", "{41CBDFCA-B24B-1BCF-44D4-EE5D6ECDE014}"
EndProject
Project("{FAE04EC0-301F-11D3-BF4B-00C04F79EFBC}") = "Doruk.Core.Targets", "src\Targets\Doruk.Core.Targets\Doruk.Core.Targets.csproj", "{3B58884B-B731-4DF5-8E64-CD2B445F8B1C}"
EndProject
Global
	GlobalSection(SolutionConfigurationPlatforms) = preSolution
		Debug|Any CPU = Debug|Any CPU
		Debug|x64 = Debug|x64
		Debug|x86 = Debug|x86
		Release|Any CPU = Release|Any CPU
		Release|x64 = Release|x64
		Release|x86 = Release|x86
	EndGlobalSection
	GlobalSection(ProjectConfigurationPlatforms) = postSolution
		{D184942E-01BB-FFD1-12B3-B326AA2B056B}.Debug|Any CPU.ActiveCfg = Debug|Any CPU
		{D184942E-01BB-FFD1-12B3-B326AA2B056B}.Debug|Any CPU.Build.0 = Debug|Any CPU
		{D184942E-01BB-FFD1-12B3-B326AA2B056B}.Debug|x64.ActiveCfg = Debug|Any CPU
		{D184942E-01BB-FFD1-12B3-B326AA2B056B}.Debug|x64.Build.0 = Debug|Any CPU
		{D184942E-01BB-FFD1-12B3-B326AA2B056B}.Debug|x86.ActiveCfg = Debug|Any CPU
		{D184942E-01BB-FFD1-12B3-B326AA2B056B}.Debug|x86.Build.0 = Debug|Any CPU
		{D184942E-01BB-FFD1-12B3-B326AA2B056B}.Release|Any CPU.ActiveCfg = Release|Any CPU
		{D184942E-01BB-FFD1-12B3-B326AA2B056B}.Release|Any CPU.Build.0 = Release|Any CPU
		{D184942E-01BB-FFD1-12B3-B326AA2B056B}.Release|x64.ActiveCfg = Release|Any CPU
		{D184942E-01BB-FFD1-12B3-B326AA2B056B}.Release|x64.Build.0 = Release|Any CPU
		{D184942E-01BB-FFD1-12B3-B326AA2B056B}.Release|x86.ActiveCfg = Release|Any CPU
		{D184942E-01BB-FFD1-12B3-B326AA2B056B}.Release|x86.Build.0 = Release|Any CPU
		{478AB178-12D9-4AA4-A178-3F329D837592}.Debug|Any CPU.ActiveCfg = Debug|Any CPU
		{478AB178-12D9-4AA4-A178-3F329D837592}.Debug|Any CPU.Build.0 = Debug|Any CPU
		{478AB178-12D9-4AA4-A178-3F329D837592}.Debug|x64.ActiveCfg = Debug|Any CPU
		{478AB178-12D9-4AA4-A178-3F329D837592}.Debug|x64.Build.0 = Debug|Any CPU
		{478AB178-12D9-4AA4-A178-3F329D837592}.Debug|x86.ActiveCfg = Debug|Any CPU
		{478AB178-12D9-4AA4-A178-3F329D837592}.Debug|x86.Build.0 = Debug|Any CPU
		{478AB178-12D9-4AA4-A178-3F329D837592}.Release|Any CPU.ActiveCfg = Release|Any CPU
		{478AB178-12D9-4AA4-A178-3F329D837592}.Release|Any CPU.Build.0 = Release|Any CPU
		{478AB178-12D9-4AA4-A178-3F329D837592}.Release|x64.ActiveCfg = Release|Any CPU
		{478AB178-12D9-4AA4-A178-3F329D837592}.Release|x64.Build.0 = Release|Any CPU
		{478AB178-12D9-4AA4-A178-3F329D837592}.Release|x86.ActiveCfg = Release|Any CPU
		{478AB178-12D9-4AA4-A178-3F329D837592}.Release|x86.Build.0 = Release|Any CPU
		{BEF07709-02F8-4F62-BC4E-466DEC145E28}.Debug|Any CPU.ActiveCfg = Debug|Any CPU
		{BEF07709-02F8-4F62-BC4E-466DEC145E28}.Debug|Any CPU.Build.0 = Debug|Any CPU
		{BEF07709-02F8-4F62-BC4E-466DEC145E28}.Debug|x64.ActiveCfg = Debug|Any CPU
		{BEF07709-02F8-4F62-BC4E-466DEC145E28}.Debug|x64.Build.0 = Debug|Any CPU
		{BEF07709-02F8-4F62-BC4E-466DEC145E28}.Debug|x86.ActiveCfg = Debug|Any CPU
		{BEF07709-02F8-4F62-BC4E-466DEC145E28}.Debug|x86.Build.0 = Debug|Any CPU
		{BEF07709-02F8-4F62-BC4E-466DEC145E28}.Release|Any CPU.ActiveCfg = Release|Any CPU
		{BEF07709-02F8-4F62-BC4E-466DEC145E28}.Release|Any CPU.Build.0 = Release|Any CPU
		{BEF07709-02F8-4F62-BC4E-466DEC145E28}.Release|x64.ActiveCfg = Release|Any CPU
		{BEF07709-02F8-4F62-BC4E-466DEC145E28}.Release|x64.Build.0 = Release|Any CPU
		{BEF07709-02F8-4F62-BC4E-466DEC145E28}.Release|x86.ActiveCfg = Release|Any CPU
		{BEF07709-02F8-4F62-BC4E-466DEC145E28}.Release|x86.Build.0 = Release|Any CPU
		{B7A00896-767E-44A4-AEDB-E996FC4DC15B}.Debug|Any CPU.ActiveCfg = Debug|Any CPU
		{B7A00896-767E-44A4-AEDB-E996FC4DC15B}.Debug|Any CPU.Build.0 = Debug|Any CPU
		{B7A00896-767E-44A4-AEDB-E996FC4DC15B}.Debug|x64.ActiveCfg = Debug|Any CPU
		{B7A00896-767E-44A4-AEDB-E996FC4DC15B}.Debug|x64.Build.0 = Debug|Any CPU
		{B7A00896-767E-44A4-AEDB-E996FC4DC15B}.Debug|x86.ActiveCfg = Debug|Any CPU
		{B7A00896-767E-44A4-AEDB-E996FC4DC15B}.Debug|x86.Build.0 = Debug|Any CPU
		{B7A00896-767E-44A4-AEDB-E996FC4DC15B}.Release|Any CPU.ActiveCfg = Release|Any CPU
		{B7A00896-767E-44A4-AEDB-E996FC4DC15B}.Release|Any CPU.Build.0 = Release|Any CPU
		{B7A00896-767E-44A4-AEDB-E996FC4DC15B}.Release|x64.ActiveCfg = Release|Any CPU
		{B7A00896-767E-44A4-AEDB-E996FC4DC15B}.Release|x64.Build.0 = Release|Any CPU
		{B7A00896-767E-44A4-AEDB-E996FC4DC15B}.Release|x86.ActiveCfg = Release|Any CPU
		{B7A00896-767E-44A4-AEDB-E996FC4DC15B}.Release|x86.Build.0 = Release|Any CPU
		{3B58884B-B731-4DF5-8E64-CD2B445F8B1C}.Debug|Any CPU.ActiveCfg = Debug|Any CPU
		{3B58884B-B731-4DF5-8E64-CD2B445F8B1C}.Debug|Any CPU.Build.0 = Debug|Any CPU
		{3B58884B-B731-4DF5-8E64-CD2B445F8B1C}.Debug|x64.ActiveCfg = Debug|Any CPU
		{3B58884B-B731-4DF5-8E64-CD2B445F8B1C}.Debug|x64.Build.0 = Debug|Any CPU
		{3B58884B-B731-4DF5-8E64-CD2B445F8B1C}.Debug|x86.ActiveCfg = Debug|Any CPU
		{3B58884B-B731-4DF5-8E64-CD2B445F8B1C}.Debug|x86.Build.0 = Debug|Any CPU
		{3B58884B-B731-4DF5-8E64-CD2B445F8B1C}.Release|Any CPU.ActiveCfg = Release|Any CPU
		{3B58884B-B731-4DF5-8E64-CD2B445F8B1C}.Release|Any CPU.Build.0 = Release|Any CPU
		{3B58884B-B731-4DF5-8E64-CD2B445F8B1C}.Release|x64.ActiveCfg = Release|Any CPU
		{3B58884B-B731-4DF5-8E64-CD2B445F8B1C}.Release|x64.Build.0 = Release|Any CPU
		{3B58884B-B731-4DF5-8E64-CD2B445F8B1C}.Release|x86.ActiveCfg = Release|Any CPU
		{3B58884B-B731-4DF5-8E64-CD2B445F8B1C}.Release|x86.Build.0 = Release|Any CPU
	EndGlobalSection
	GlobalSection(SolutionProperties) = preSolution
		HideSolutionNode = FALSE
	EndGlobalSection
	GlobalSection(NestedProjects) = preSolution
		{AD2A5A3B-A595-3E96-334A-002D08FE630C} = {827E0CD3-B72D-47B6-A68D-7590B98EB39B}
		{D184942E-01BB-FFD1-12B3-B326AA2B056B} = {AD2A5A3B-A595-3E96-334A-002D08FE630C}
		{EC447DCF-ABFA-6E24-52A5-D7FD48A5C558} = {827E0CD3-B72D-47B6-A68D-7590B98EB39B}
		{478AB178-12D9-4AA4-A178-3F329D837592} = {EC447DCF-ABFA-6E24-52A5-D7FD48A5C558}
		{BEF07709-02F8-4F62-BC4E-466DEC145E28} = {AD2A5A3B-A595-3E96-334A-002D08FE630C}
		{A6E7295D-475B-8BD4-CC01-ECAE8C18C7D4} = {827E0CD3-B72D-47B6-A68D-7590B98EB39B}
		{B7A00896-767E-44A4-AEDB-E996FC4DC15B} = {A6E7295D-475B-8BD4-CC01-ECAE8C18C7D4}
		{41CBDFCA-B24B-1BCF-44D4-EE5D6ECDE014} = {827E0CD3-B72D-47B6-A68D-7590B98EB39B}
		{3B58884B-B731-4DF5-8E64-CD2B445F8B1C} = {41CBDFCA-B24B-1BCF-44D4-EE5D6ECDE014}
	EndGlobalSection
	GlobalSection(ExtensibilityGlobals) = postSolution
		SolutionGuid = {8969ACE0-A1A3-41C2-9EBA-7A18144782FC}
	EndGlobalSection
EndGlobal
